// !$*UTF8*$!
{
	archiveVersion = 1;
	classes = {
	};
	objectVersion = 46;
	objects = {

/* Begin PBXBuildFile section */
		D96C26801D6C92E900298541 /* iTunesMusicUI.h in Headers */ = {isa = PBXBuildFile; fileRef = D96C267E1D6C92E900298541 /* iTunesMusicUI.h */; settings = {ATTRIBUTES = (Public, ); }; };
		D96C268B1D6C954200298541 /* HeaderLabel.swift in Sources */ = {isa = PBXBuildFile; fileRef = D96C268A1D6C954200298541 /* HeaderLabel.swift */; };
		D96C26931D6CA28C00298541 /* AppDelegate.swift in Sources */ = {isa = PBXBuildFile; fileRef = D96C26921D6CA28C00298541 /* AppDelegate.swift */; };
		D96C26951D6CA28C00298541 /* ViewController.swift in Sources */ = {isa = PBXBuildFile; fileRef = D96C26941D6CA28C00298541 /* ViewController.swift */; };
		D96C26981D6CA28C00298541 /* Main.storyboard in Resources */ = {isa = PBXBuildFile; fileRef = D96C26961D6CA28C00298541 /* Main.storyboard */; };
		D96C269A1D6CA28C00298541 /* Assets.xcassets in Resources */ = {isa = PBXBuildFile; fileRef = D96C26991D6CA28C00298541 /* Assets.xcassets */; };
		D96C269D1D6CA28C00298541 /* LaunchScreen.storyboard in Resources */ = {isa = PBXBuildFile; fileRef = D96C269B1D6CA28C00298541 /* LaunchScreen.storyboard */; };
		D96C26A21D6CA29900298541 /* iTunesMusicUI.framework in Frameworks */ = {isa = PBXBuildFile; fileRef = D96C267B1D6C92E900298541 /* iTunesMusicUI.framework */; };
		D96C26A31D6CA29900298541 /* iTunesMusicUI.framework in Embed Frameworks */ = {isa = PBXBuildFile; fileRef = D96C267B1D6C92E900298541 /* iTunesMusicUI.framework */; settings = {ATTRIBUTES = (CodeSignOnCopy, RemoveHeadersOnCopy, ); }; };
/* End PBXBuildFile section */

/* Begin PBXContainerItemProxy section */
		D96C26A41D6CA29900298541 /* PBXContainerItemProxy */ = {
			isa = PBXContainerItemProxy;
			containerPortal = D96C26721D6C92E900298541 /* Project object */;
			proxyType = 1;
			remoteGlobalIDString = D96C267A1D6C92E900298541;
			remoteInfo = iTunesMusicUI;
		};
/* End PBXContainerItemProxy section */

/* Begin PBXCopyFilesBuildPhase section */
		D96C26A61D6CA29900298541 /* Embed Frameworks */ = {
			isa = PBXCopyFilesBuildPhase;
			buildActionMask = 2147483647;
			dstPath = "";
			dstSubfolderSpec = 10;
			files = (
				D96C26A31D6CA29900298541 /* iTunesMusicUI.framework in Embed Frameworks */,
			);
			name = "Embed Frameworks";
			runOnlyForDeploymentPostprocessing = 0;
		};
/* End PBXCopyFilesBuildPhase section */

/* Begin PBXFileReference section */
		D96C267B1D6C92E900298541 /* iTunesMusicUI.framework */ = {isa = PBXFileReference; explicitFileType = wrapper.framework; includeInIndex = 0; path = iTunesMusicUI.framework; sourceTree = BUILT_PRODUCTS_DIR; };
		D96C267E1D6C92E900298541 /* iTunesMusicUI.h */ = {isa = PBXFileReference; lastKnownFileType = sourcecode.c.h; path = iTunesMusicUI.h; sourceTree = "<group>"; };
		D96C267F1D6C92E900298541 /* Info.plist */ = {isa = PBXFileReference; lastKnownFileType = text.plist.xml; path = Info.plist; sourceTree = "<group>"; };
		D96C268A1D6C954200298541 /* HeaderLabel.swift */ = {isa = PBXFileReference; fileEncoding = 4; lastKnownFileType = sourcecode.swift; path = HeaderLabel.swift; sourceTree = "<group>"; };
		D96C26901D6CA28C00298541 /* Styleguide.app */ = {isa = PBXFileReference; explicitFileType = wrapper.application; includeInIndex = 0; path = Styleguide.app; sourceTree = BUILT_PRODUCTS_DIR; };
		D96C26921D6CA28C00298541 /* AppDelegate.swift */ = {isa = PBXFileReference; lastKnownFileType = sourcecode.swift; path = AppDelegate.swift; sourceTree = "<group>"; };
		D96C26941D6CA28C00298541 /* ViewController.swift */ = {isa = PBXFileReference; lastKnownFileType = sourcecode.swift; path = ViewController.swift; sourceTree = "<group>"; };
		D96C26971D6CA28C00298541 /* Base */ = {isa = PBXFileReference; lastKnownFileType = file.storyboard; name = Base; path = Base.lproj/Main.storyboard; sourceTree = "<group>"; };
		D96C26991D6CA28C00298541 /* Assets.xcassets */ = {isa = PBXFileReference; lastKnownFileType = folder.assetcatalog; path = Assets.xcassets; sourceTree = "<group>"; };
		D96C269C1D6CA28C00298541 /* Base */ = {isa = PBXFileReference; lastKnownFileType = file.storyboard; name = Base; path = Base.lproj/LaunchScreen.storyboard; sourceTree = "<group>"; };
		D96C269E1D6CA28C00298541 /* Info.plist */ = {isa = PBXFileReference; lastKnownFileType = text.plist.xml; path = Info.plist; sourceTree = "<group>"; };
/* End PBXFileReference section */

/* Begin PBXFrameworksBuildPhase section */
		D96C26771D6C92E900298541 /* Frameworks */ = {
			isa = PBXFrameworksBuildPhase;
			buildActionMask = 2147483647;
			files = (
			);
			runOnlyForDeploymentPostprocessing = 0;
		};
		D96C268D1D6CA28C00298541 /* Frameworks */ = {
			isa = PBXFrameworksBuildPhase;
			buildActionMask = 2147483647;
			files = (
				D96C26A21D6CA29900298541 /* iTunesMusicUI.framework in Frameworks */,
			);
			runOnlyForDeploymentPostprocessing = 0;
		};
/* End PBXFrameworksBuildPhase section */

/* Begin PBXGroup section */
		D96C26711D6C92E900298541 = {
			isa = PBXGroup;
			children = (
				D96C26861D6C92F400298541 /* Sources */,
				D96C267D1D6C92E900298541 /* iTunesMusicUI */,
				D96C26911D6CA28C00298541 /* Styleguide */,
				D96C267C1D6C92E900298541 /* Products */,
			);
			sourceTree = "<group>";
		};
		D96C267C1D6C92E900298541 /* Products */ = {
			isa = PBXGroup;
			children = (
				D96C267B1D6C92E900298541 /* iTunesMusicUI.framework */,
				D96C26901D6CA28C00298541 /* Styleguide.app */,
			);
			name = Products;
			sourceTree = "<group>";
		};
		D96C267D1D6C92E900298541 /* iTunesMusicUI */ = {
			isa = PBXGroup;
			children = (
				D96C267E1D6C92E900298541 /* iTunesMusicUI.h */,
				D96C267F1D6C92E900298541 /* Info.plist */,
			);
			path = iTunesMusicUI;
			sourceTree = "<group>";
		};
		D96C26861D6C92F400298541 /* Sources */ = {
			isa = PBXGroup;
			children = (
				D96C26871D6C931200298541 /* Label */,
			);
			path = Sources;
			sourceTree = "<group>";
		};
		D96C26871D6C931200298541 /* Label */ = {
			isa = PBXGroup;
			children = (
				D96C268A1D6C954200298541 /* HeaderLabel.swift */,
			);
			path = Label;
			sourceTree = "<group>";
		};
		D96C26911D6CA28C00298541 /* Styleguide */ = {
			isa = PBXGroup;
			children = (
				D96C26921D6CA28C00298541 /* AppDelegate.swift */,
				D96C26941D6CA28C00298541 /* ViewController.swift */,
				D96C26961D6CA28C00298541 /* Main.storyboard */,
				D96C26991D6CA28C00298541 /* Assets.xcassets */,
				D96C269B1D6CA28C00298541 /* LaunchScreen.storyboard */,
				D96C269E1D6CA28C00298541 /* Info.plist */,
			);
			path = Styleguide;
			sourceTree = "<group>";
		};
/* End PBXGroup section */

/* Begin PBXHeadersBuildPhase section */
		D96C26781D6C92E900298541 /* Headers */ = {
			isa = PBXHeadersBuildPhase;
			buildActionMask = 2147483647;
			files = (
				D96C26801D6C92E900298541 /* iTunesMusicUI.h in Headers */,
			);
			runOnlyForDeploymentPostprocessing = 0;
		};
/* End PBXHeadersBuildPhase section */

/* Begin PBXNativeTarget section */
		D96C267A1D6C92E900298541 /* iTunesMusicUI */ = {
			isa = PBXNativeTarget;
			buildConfigurationList = D96C26831D6C92E900298541 /* Build configuration list for PBXNativeTarget "iTunesMusicUI" */;
			buildPhases = (
				D96C26761D6C92E900298541 /* Sources */,
				D96C26771D6C92E900298541 /* Frameworks */,
				D96C26781D6C92E900298541 /* Headers */,
				D96C26791D6C92E900298541 /* Resources */,
			);
			buildRules = (
			);
			dependencies = (
			);
			name = iTunesMusicUI;
			productName = iTunesMusicUI;
			productReference = D96C267B1D6C92E900298541 /* iTunesMusicUI.framework */;
			productType = "com.apple.product-type.framework";
		};
		D96C268F1D6CA28C00298541 /* Styleguide */ = {
			isa = PBXNativeTarget;
			buildConfigurationList = D96C269F1D6CA28C00298541 /* Build configuration list for PBXNativeTarget "Styleguide" */;
			buildPhases = (
				D96C268C1D6CA28C00298541 /* Sources */,
				D96C268D1D6CA28C00298541 /* Frameworks */,
				D96C268E1D6CA28C00298541 /* Resources */,
				D96C26A61D6CA29900298541 /* Embed Frameworks */,
			);
			buildRules = (
			);
			dependencies = (
				D96C26A51D6CA29900298541 /* PBXTargetDependency */,
			);
			name = Styleguide;
			productName = Styleguide;
			productReference = D96C26901D6CA28C00298541 /* Styleguide.app */;
			productType = "com.apple.product-type.application";
		};
/* End PBXNativeTarget section */

/* Begin PBXProject section */
		D96C26721D6C92E900298541 /* Project object */ = {
			isa = PBXProject;
			attributes = {
				LastSwiftUpdateCheck = 0800;
				LastUpgradeCheck = 0800;
				ORGANIZATIONNAME = jp.sora0077;
				TargetAttributes = {
					D96C267A1D6C92E900298541 = {
						CreatedOnToolsVersion = 8.0;
						LastSwiftMigration = 0800;
						ProvisioningStyle = Automatic;
					};
					D96C268F1D6CA28C00298541 = {
						CreatedOnToolsVersion = 8.0;
						ProvisioningStyle = Automatic;
					};
				};
			};
			buildConfigurationList = D96C26751D6C92E900298541 /* Build configuration list for PBXProject "iTunesMusicUI" */;
			compatibilityVersion = "Xcode 3.2";
			developmentRegion = English;
			hasScannedForEncodings = 0;
			knownRegions = (
				en,
				Base,
			);
			mainGroup = D96C26711D6C92E900298541;
			productRefGroup = D96C267C1D6C92E900298541 /* Products */;
			projectDirPath = "";
			projectRoot = "";
			targets = (
				D96C267A1D6C92E900298541 /* iTunesMusicUI */,
				D96C268F1D6CA28C00298541 /* Styleguide */,
			);
		};
/* End PBXProject section */

/* Begin PBXResourcesBuildPhase section */
		D96C26791D6C92E900298541 /* Resources */ = {
			isa = PBXResourcesBuildPhase;
			buildActionMask = 2147483647;
			files = (
			);
			runOnlyForDeploymentPostprocessing = 0;
		};
		D96C268E1D6CA28C00298541 /* Resources */ = {
			isa = PBXResourcesBuildPhase;
			buildActionMask = 2147483647;
			files = (
				D96C269D1D6CA28C00298541 /* LaunchScreen.storyboard in Resources */,
				D96C269A1D6CA28C00298541 /* Assets.xcassets in Resources */,
				D96C26981D6CA28C00298541 /* Main.storyboard in Resources */,
			);
			runOnlyForDeploymentPostprocessing = 0;
		};
/* End PBXResourcesBuildPhase section */

/* Begin PBXSourcesBuildPhase section */
		D96C26761D6C92E900298541 /* Sources */ = {
			isa = PBXSourcesBuildPhase;
			buildActionMask = 2147483647;
			files = (
				D96C268B1D6C954200298541 /* HeaderLabel.swift in Sources */,
			);
			runOnlyForDeploymentPostprocessing = 0;
		};
		D96C268C1D6CA28C00298541 /* Sources */ = {
			isa = PBXSourcesBuildPhase;
			buildActionMask = 2147483647;
			files = (
				D96C26951D6CA28C00298541 /* ViewController.swift in Sources */,
				D96C26931D6CA28C00298541 /* AppDelegate.swift in Sources */,
			);
			runOnlyForDeploymentPostprocessing = 0;
		};
/* End PBXSourcesBuildPhase section */

/* Begin PBXTargetDependency section */
		D96C26A51D6CA29900298541 /* PBXTargetDependency */ = {
			isa = PBXTargetDependency;
			target = D96C267A1D6C92E900298541 /* iTunesMusicUI */;
			targetProxy = D96C26A41D6CA29900298541 /* PBXContainerItemProxy */;
		};
/* End PBXTargetDependency section */

/* Begin PBXVariantGroup section */
		D96C26961D6CA28C00298541 /* Main.storyboard */ = {
			isa = PBXVariantGroup;
			children = (
				D96C26971D6CA28C00298541 /* Base */,
			);
			name = Main.storyboard;
			sourceTree = "<group>";
		};
		D96C269B1D6CA28C00298541 /* LaunchScreen.storyboard */ = {
			isa = PBXVariantGroup;
			children = (
				D96C269C1D6CA28C00298541 /* Base */,
			);
			name = LaunchScreen.storyboard;
			sourceTree = "<group>";
		};
/* End PBXVariantGroup section */

/* Begin XCBuildConfiguration section */
		D96C26811D6C92E900298541 /* Debug */ = {
			isa = XCBuildConfiguration;
			buildSettings = {
				ALWAYS_SEARCH_USER_PATHS = NO;
				CLANG_ANALYZER_NONNULL = YES;
				CLANG_CXX_LANGUAGE_STANDARD = "gnu++0x";
				CLANG_CXX_LIBRARY = "libc++";
				CLANG_ENABLE_MODULES = YES;
				CLANG_ENABLE_OBJC_ARC = YES;
				CLANG_WARN_BOOL_CONVERSION = YES;
				CLANG_WARN_CONSTANT_CONVERSION = YES;
				CLANG_WARN_DIRECT_OBJC_ISA_USAGE = YES_ERROR;
				CLANG_WARN_DOCUMENTATION_COMMENTS = YES;
				CLANG_WARN_EMPTY_BODY = YES;
				CLANG_WARN_ENUM_CONVERSION = YES;
				CLANG_WARN_INFINITE_RECURSION = YES;
				CLANG_WARN_INT_CONVERSION = YES;
				CLANG_WARN_OBJC_ROOT_CLASS = YES_ERROR;
				CLANG_WARN_SUSPICIOUS_MOVES = YES;
				CLANG_WARN_UNREACHABLE_CODE = YES;
				CLANG_WARN__DUPLICATE_METHOD_MATCH = YES;
				"CODE_SIGN_IDENTITY[sdk=iphoneos*]" = "iPhone Developer";
				COPY_PHASE_STRIP = NO;
				CURRENT_PROJECT_VERSION = 1;
				DEBUG_INFORMATION_FORMAT = dwarf;
				ENABLE_STRICT_OBJC_MSGSEND = YES;
				ENABLE_TESTABILITY = YES;
				GCC_C_LANGUAGE_STANDARD = gnu99;
				GCC_DYNAMIC_NO_PIC = NO;
				GCC_NO_COMMON_BLOCKS = YES;
				GCC_OPTIMIZATION_LEVEL = 0;
				GCC_PREPROCESSOR_DEFINITIONS = (
					"DEBUG=1",
					"$(inherited)",
				);
				GCC_WARN_64_TO_32_BIT_CONVERSION = YES;
				GCC_WARN_ABOUT_RETURN_TYPE = YES_ERROR;
				GCC_WARN_UNDECLARED_SELECTOR = YES;
				GCC_WARN_UNINITIALIZED_AUTOS = YES_AGGRESSIVE;
				GCC_WARN_UNUSED_FUNCTION = YES;
				GCC_WARN_UNUSED_VARIABLE = YES;
				IPHONEOS_DEPLOYMENT_TARGET = 10.0;
				MTL_ENABLE_DEBUG_INFO = YES;
				ONLY_ACTIVE_ARCH = YES;
				SDKROOT = iphoneos;
				SWIFT_ACTIVE_COMPILATION_CONDITIONS = DEBUG;
				SWIFT_OPTIMIZATION_LEVEL = "-Onone";
				TARGETED_DEVICE_FAMILY = "1,2";
				VERSIONING_SYSTEM = "apple-generic";
				VERSION_INFO_PREFIX = "";
			};
			name = Debug;
		};
		D96C26821D6C92E900298541 /* Release */ = {
			isa = XCBuildConfiguration;
			buildSettings = {
				ALWAYS_SEARCH_USER_PATHS = NO;
				CLANG_ANALYZER_NONNULL = YES;
				CLANG_CXX_LANGUAGE_STANDARD = "gnu++0x";
				CLANG_CXX_LIBRARY = "libc++";
				CLANG_ENABLE_MODULES = YES;
				CLANG_ENABLE_OBJC_ARC = YES;
				CLANG_WARN_BOOL_CONVERSION = YES;
				CLANG_WARN_CONSTANT_CONVERSION = YES;
				CLANG_WARN_DIRECT_OBJC_ISA_USAGE = YES_ERROR;
				CLANG_WARN_DOCUMENTATION_COMMENTS = YES;
				CLANG_WARN_EMPTY_BODY = YES;
				CLANG_WARN_ENUM_CONVERSION = YES;
				CLANG_WARN_INFINITE_RECURSION = YES;
				CLANG_WARN_INT_CONVERSION = YES;
				CLANG_WARN_OBJC_ROOT_CLASS = YES_ERROR;
				CLANG_WARN_SUSPICIOUS_MOVES = YES;
				CLANG_WARN_UNREACHABLE_CODE = YES;
				CLANG_WARN__DUPLICATE_METHOD_MATCH = YES;
				"CODE_SIGN_IDENTITY[sdk=iphoneos*]" = "iPhone Developer";
				COPY_PHASE_STRIP = NO;
				CURRENT_PROJECT_VERSION = 1;
				DEBUG_INFORMATION_FORMAT = "dwarf-with-dsym";
				ENABLE_NS_ASSERTIONS = NO;
				ENABLE_STRICT_OBJC_MSGSEND = YES;
				GCC_C_LANGUAGE_STANDARD = gnu99;
				GCC_NO_COMMON_BLOCKS = YES;
				GCC_WARN_64_TO_32_BIT_CONVERSION = YES;
				GCC_WARN_ABOUT_RETURN_TYPE = YES_ERROR;
				GCC_WARN_UNDECLARED_SELECTOR = YES;
				GCC_WARN_UNINITIALIZED_AUTOS = YES_AGGRESSIVE;
				GCC_WARN_UNUSED_FUNCTION = YES;
				GCC_WARN_UNUSED_VARIABLE = YES;
				IPHONEOS_DEPLOYMENT_TARGET = 10.0;
				MTL_ENABLE_DEBUG_INFO = NO;
				SDKROOT = iphoneos;
				SWIFT_OPTIMIZATION_LEVEL = "-Owholemodule";
				TARGETED_DEVICE_FAMILY = "1,2";
				VALIDATE_PRODUCT = YES;
				VERSIONING_SYSTEM = "apple-generic";
				VERSION_INFO_PREFIX = "";
			};
			name = Release;
		};
		D96C26841D6C92E900298541 /* Debug */ = {
			isa = XCBuildConfiguration;
			buildSettings = {
				CLANG_ENABLE_MODULES = YES;
				CODE_SIGN_IDENTITY = "";
				DEFINES_MODULE = YES;
				DYLIB_COMPATIBILITY_VERSION = 1;
				DYLIB_CURRENT_VERSION = 1;
				DYLIB_INSTALL_NAME_BASE = "@rpath";
				INFOPLIST_FILE = iTunesMusicUI/Info.plist;
				INSTALL_PATH = "$(LOCAL_LIBRARY_DIR)/Frameworks";
				LD_RUNPATH_SEARCH_PATHS = "$(inherited) @executable_path/Frameworks @loader_path/Frameworks";
				PRODUCT_BUNDLE_IDENTIFIER = jp.sora0077.iTunesMusicUI;
				PRODUCT_NAME = "$(TARGET_NAME)";
				SKIP_INSTALL = YES;
				SWIFT_OPTIMIZATION_LEVEL = "-Onone";
				SWIFT_VERSION = 3.0;
			};
			name = Debug;
		};
		D96C26851D6C92E900298541 /* Release */ = {
			isa = XCBuildConfiguration;
			buildSettings = {
				CLANG_ENABLE_MODULES = YES;
				CODE_SIGN_IDENTITY = "";
				DEFINES_MODULE = YES;
				DYLIB_COMPATIBILITY_VERSION = 1;
				DYLIB_CURRENT_VERSION = 1;
				DYLIB_INSTALL_NAME_BASE = "@rpath";
				INFOPLIST_FILE = iTunesMusicUI/Info.plist;
				INSTALL_PATH = "$(LOCAL_LIBRARY_DIR)/Frameworks";
				LD_RUNPATH_SEARCH_PATHS = "$(inherited) @executable_path/Frameworks @loader_path/Frameworks";
				PRODUCT_BUNDLE_IDENTIFIER = jp.sora0077.iTunesMusicUI;
				PRODUCT_NAME = "$(TARGET_NAME)";
				SKIP_INSTALL = YES;
				SWIFT_VERSION = 3.0;
			};
			name = Release;
		};
		D96C26A01D6CA28C00298541 /* Debug */ = {
			isa = XCBuildConfiguration;
			buildSettings = {
				ALWAYS_EMBED_SWIFT_STANDARD_LIBRARIES = YES;
				ASSETCATALOG_COMPILER_APPICON_NAME = AppIcon;
				INFOPLIST_FILE = Styleguide/Info.plist;
				LD_RUNPATH_SEARCH_PATHS = "$(inherited) @executable_path/Frameworks";
				PRODUCT_BUNDLE_IDENTIFIER = jp.sora0077.Styleguide;
				PRODUCT_NAME = "$(TARGET_NAME)";
				SWIFT_VERSION = 3.0;
			};
			name = Debug;
		};
		D96C26A11D6CA28C00298541 /* Release */ = {
			isa = XCBuildConfiguration;
			buildSettings = {
				ALWAYS_EMBED_SWIFT_STANDARD_LIBRARIES = YES;
				ASSETCATALOG_COMPILER_APPICON_NAME = AppIcon;
				INFOPLIST_FILE = Styleguide/Info.plist;
				LD_RUNPATH_SEARCH_PATHS = "$(inherited) @executable_path/Frameworks";
				PRODUCT_BUNDLE_IDENTIFIER = jp.sora0077.Styleguide;
				PRODUCT_NAME = "$(TARGET_NAME)";
				SWIFT_VERSION = 3.0;
			};
			name = Release;
		};
/* End XCBuildConfiguration section */

/* Begin XCConfigurationList section */
		D96C26751D6C92E900298541 /* Build configuration list for PBXProject "iTunesMusicUI" */ = {
			isa = XCConfigurationList;
			buildConfigurations = (
				D96C26811D6C92E900298541 /* Debug */,
				D96C26821D6C92E900298541 /* Release */,
			);
			defaultConfigurationIsVisible = 0;
			defaultConfigurationName = Release;
		};
		D96C26831D6C92E900298541 /* Build configuration list for PBXNativeTarget "iTunesMusicUI" */ = {
			isa = XCConfigurationList;
			buildConfigurations = (
				D96C26841D6C92E900298541 /* Debug */,
				D96C26851D6C92E900298541 /* Release */,
			);
			defaultConfigurationIsVisible = 0;
		};
		D96C269F1D6CA28C00298541 /* Build configuration list for PBXNativeTarget "Styleguide" */ = {
			isa = XCConfigurationList;
			buildConfigurations = (
				D96C26A01D6CA28C00298541 /* Debug */,
				D96C26A11D6CA28C00298541 /* Release */,
			);
			defaultConfigurationIsVisible = 0;
		};
/* End XCConfigurationList section */
	};
	rootObject = D96C26721D6C92E900298541 /* Project object */;
}
